
Microsoft Visual Studio Solution File, Format Version 12.00
# Visual Studio 15
VisualStudioVersion = 15.0.27703.2042
MinimumVisualStudioVersion = 10.0.40219.1
Project("{FAE04EC0-301F-11D3-BF4B-00C04F79EFBC}") = "DeleteBot", "DeleteBot\DeleteBot.csproj", "{20CC977F-2BB1-4B1B-884C-F9F4B0020861}"
EndProject
Global
	GlobalSection(SolutionConfigurationPlatforms) = preSolution
		Debug|Any CPU = Debug|Any CPU
		Release|Any CPU = Release|Any CPU
	EndGlobalSection
	GlobalSection(ProjectConfigurationPlatforms) = postSolution
		{20CC977F-2BB1-4B1B-884C-F9F4B0020861}.Debug|Any CPU.ActiveCfg = Debug|Any CPU
		{20CC977F-2BB1-4B1B-884C-F9F4B0020861}.Debug|Any CPU.Build.0 = Debug|Any CPU
		{20CC977F-2BB1-4B1B-884C-F9F4B0020861}.Release|Any CPU.ActiveCfg = Release|Any CPU
		{20CC977F-2BB1-4B1B-884C-F9F4B0020861}.Release|Any CPU.Build.0 = Release|Any CPU
	EndGlobalSection
	GlobalSection(SolutionProperties) = preSolution
		HideSolutionNode = FALSE
	EndGlobalSection
	GlobalSection(ExtensibilityGlobals) = postSolution
		SolutionGuid = {5EEA525C-3470-47F3-98CA-7A8A376960F3}
	EndGlobalSection
EndGlobal
